{
    "_readme": [
        "This file locks the dependencies of your project to a known state",
        "Read more about it at https://getcomposer.org/doc/01-basic-usage.md#composer-lock-the-lock-file",
        "This file is @generated automatically"
    ],
    "content-hash": "b21aaa278ad2521612ad5d7fa5806eec",
    "packages": [
        {
            "name": "botfire/botfire",
            "version": "dev-master",
            "source": {
                "type": "git",
                "url": "https://github.com/botfire/botfire.git",
                "reference": "09f0c9ed79437c3eb89be4a297c60a0eaba30a1c"
            },
            "dist": {
                "type": "zip",
                "url": "https://api.github.com/repos/botfire/botfire/zipball/09f0c9ed79437c3eb89be4a297c60a0eaba30a1c",
                "reference": "09f0c9ed79437c3eb89be4a297c60a0eaba30a1c",
                "shasum": ""
            },
            "require": {
                "php": ">=7.0.0"
            },
            "type": "library",
            "autoload": {
                "psr-4": {
                    "botfire\\botfire\\": "src/"
                }
            },
            "notification-url": "https://packagist.org/downloads/",
            "license": [
                "MIT"
            ],
            "authors": [
                {
                    "name": "benjamin-khalife",
                    "email": "nvioir@gmail.com"
                }
            ],
            "description": "Telegram Robot Library",
            "time": "2020-05-22T16:24:18+00:00"
        },
        {
            "name": "webrium/mysql",
            "version": "dev-master",
            "source": {
                "type": "git",
                "url": "https://github.com/webrium/mysql.git",
                "reference": "aa3d1d5af5d52db2cdc5a7c33f48eb7523549633"
            },
            "dist": {
                "type": "zip",
                "url": "https://api.github.com/repos/webrium/mysql/zipball/aa3d1d5af5d52db2cdc5a7c33f48eb7523549633",
                "reference": "aa3d1d5af5d52db2cdc5a7c33f48eb7523549633",
                "shasum": ""
            },
            "require": {
                "php": ">=7.0.0"
            },
            "type": "library",
            "autoload": {
                "psr-4": {
                    "webrium\\mysql\\": "src/"
                }
            },
            "notification-url": "https://packagist.org/downloads/",
            "license": [
                "MIT"
            ],
            "authors": [
                {
                    "name": "benjamin-khalife",
                    "email": "nvioir@gmail.com"
                }
            ],
            "description": "PHP Framework",
            "time": "2020-05-27T05:54:04+00:00"
        }
    ],
    "packages-dev": [],
    "aliases": [],
    "minimum-stability": "dev",
    "stability-flags": [],
    "prefer-stable": false,
    "prefer-lowest": false,
    "platform": {
        "php": ">=7.0.0"
    },
    "platform-dev": []
}
